
Microsoft Visual Studio Solution File, Format Version 12.00
# Visual Studio Version 17
VisualStudioVersion = 17.5.001.0
MinimumVisualStudioVersion = 10.0.40219.1
Project("{9A19103F-16F7-4668-BE54-9A1E7A4F7556}") = "MyCoins", "MyCoins.csproj", "{11AB4530-77A2-4C2A-893A-EC1BB8975B44}"
EndProject
Global
	GlobalSection(SolutionConfigurationPlatforms) = preSolution
		Debug|Any CPU = Debug|Any CPU
		Release|Any CPU = Release|Any CPU
	EndGlobalSection
	GlobalSection(ProjectConfigurationPlatforms) = postSolution
		{11AB4530-77A2-4C2A-893A-EC1BB8975B44}.Debug|Any CPU.ActiveCfg = Debug|Any CPU
		{11AB4530-77A2-4C2A-893A-EC1BB8975B44}.Debug|Any CPU.Build.0 = Debug|Any CPU
		{11AB4530-77A2-4C2A-893A-EC1BB8975B44}.Release|Any CPU.ActiveCfg = Release|Any CPU
		{11AB4530-77A2-4C2A-893A-EC1BB8975B44}.Release|Any CPU.Build.0 = Release|Any CPU
	EndGlobalSection
	GlobalSection(SolutionProperties) = preSolution
		HideSolutionNode = FALSE
	EndGlobalSection
	GlobalSection(ExtensibilityGlobals) = postSolution
		SolutionGuid = {E4EFCB5F-0F11-4C48-8414-53908588D4B9}
	EndGlobalSection
EndGlobal
